
Microsoft Visual Studio Solution File, Format Version 12.00
# Visual Studio Version 17
VisualStudioVersion = 17.5.33516.290
MinimumVisualStudioVersion = 10.0.40219.1
Project("{FAE04EC0-301F-11D3-BF4B-00C04F79EFBC}") = "PRO219_WebsiteBanDienThoai", "PRO219_WebsiteBanDienThoai\PRO219_WebsiteBanDienThoai.csproj", "{875A2EF4-BE57-43C2-974C-6DFF4C4F1D39}"
EndProject
Global
	GlobalSection(SolutionConfigurationPlatforms) = preSolution
		Debug|Any CPU = Debug|Any CPU
		Release|Any CPU = Release|Any CPU
	EndGlobalSection
	GlobalSection(ProjectConfigurationPlatforms) = postSolution
		{875A2EF4-BE57-43C2-974C-6DFF4C4F1D39}.Debug|Any CPU.ActiveCfg = Debug|Any CPU
		{875A2EF4-BE57-43C2-974C-6DFF4C4F1D39}.Debug|Any CPU.Build.0 = Debug|Any CPU
		{875A2EF4-BE57-43C2-974C-6DFF4C4F1D39}.Release|Any CPU.ActiveCfg = Release|Any CPU
		{875A2EF4-BE57-43C2-974C-6DFF4C4F1D39}.Release|Any CPU.Build.0 = Release|Any CPU
	EndGlobalSection
	GlobalSection(SolutionProperties) = preSolution
		HideSolutionNode = FALSE
	EndGlobalSection
	GlobalSection(ExtensibilityGlobals) = postSolution
		SolutionGuid = {B818152B-3CB7-4666-8EEB-47430269F04A}
	EndGlobalSection
EndGlobal
